
Microsoft Visual Studio Solution File, Format Version 12.00
Project("{FAE04EC0-301F-11D3-BF4B-00C04F79EFBC}") = "WebCrawler", "WebCrawler\WebCrawler.csproj", "{9FFA70C4-3101-4C2A-88C4-B4D75A0D786E}"
EndProject
Global
	GlobalSection(SolutionConfigurationPlatforms) = preSolution
		Debug|Any CPU = Debug|Any CPU
		Release|Any CPU = Release|Any CPU
	EndGlobalSection
	GlobalSection(ProjectConfigurationPlatforms) = postSolution
		{9FFA70C4-3101-4C2A-88C4-B4D75A0D786E}.Debug|Any CPU.ActiveCfg = Debug|Any CPU
		{9FFA70C4-3101-4C2A-88C4-B4D75A0D786E}.Debug|Any CPU.Build.0 = Debug|Any CPU
		{9FFA70C4-3101-4C2A-88C4-B4D75A0D786E}.Release|Any CPU.ActiveCfg = Release|Any CPU
		{9FFA70C4-3101-4C2A-88C4-B4D75A0D786E}.Release|Any CPU.Build.0 = Release|Any CPU
	EndGlobalSection
EndGlobal
